
Microsoft Visual Studio Solution File, Format Version 12.00
# Visual Studio Version 16
VisualStudioVersion = 16.0.31321.278
MinimumVisualStudioVersion = 10.0.40219.1
Project("{9A19103F-16F7-4668-BE54-9A1E7A4F7556}") = "Raspi.Temperature.App.Server", "source\Server\Raspi.Temperature.App.Server.csproj", "{83EDBF69-2671-4B18-8307-7E9BF4C72F30}"
EndProject
Project("{9A19103F-16F7-4668-BE54-9A1E7A4F7556}") = "Raspi.Temperature.App.Client", "source\Client\Raspi.Temperature.App.Client.csproj", "{35E23FB3-CCEA-4C5E-86D6-698E1F21A31C}"
EndProject
Project("{9A19103F-16F7-4668-BE54-9A1E7A4F7556}") = "Raspi.Temperature.App.Shared", "source\Shared\Raspi.Temperature.App.Shared.csproj", "{EE613008-0D1B-420F-943F-EA6CC5319D05}"
EndProject
Project("{2150E333-8FDC-42A3-9474-1A3956D46DE8}") = "Solution Items", "Solution Items", "{E0F937A2-A53B-4A1A-9C2D-B7DF42D4FCC5}"
	ProjectSection(SolutionItems) = preProject
		.dockerignore = .dockerignore
		.gitattributes = .gitattributes
		.gitignore = .gitignore
		.github\dependabot.yml = .github\dependabot.yml
		README.md = README.md
	EndProjectSection
EndProject
Project("{E53339B2-1760-4266-BCC7-CA923CBCF16C}") = "docker-compose", "docker-compose\docker-compose.dcproj", "{52FFFAA9-A291-4486-96C8-B2A889ECE779}"
EndProject
Project("{2150E333-8FDC-42A3-9474-1A3956D46DE8}") = "helm", "helm", "{510BFBEB-4711-4CAE-BE2D-72534EAF67CB}"
	ProjectSection(SolutionItems) = preProject
		helm\.helmignore = helm\.helmignore
		helm\Chart.yaml = helm\Chart.yaml
		helm\values.yaml = helm\values.yaml
	EndProjectSection
EndProject
Project("{2150E333-8FDC-42A3-9474-1A3956D46DE8}") = "templates", "templates", "{0C889716-502E-41E3-AC81-ECA5135BB201}"
	ProjectSection(SolutionItems) = preProject
		helm\templates\_helpers.tpl = helm\templates\_helpers.tpl
		helm\templates\appserverConfigmap.yaml = helm\templates\appserverConfigmap.yaml
		helm\templates\appserverPod.yaml = helm\templates\appserverPod.yaml
		helm\templates\appserverService.yaml = helm\templates\appserverService.yaml
		helm\templates\dbPod.yaml = helm\templates\dbPod.yaml
		helm\templates\dbService.yaml = helm\templates\dbService.yaml
		helm\templates\ingress.yaml = helm\templates\ingress.yaml
	EndProjectSection
EndProject
Project("{9A19103F-16F7-4668-BE54-9A1E7A4F7556}") = "Raspi.Temperature.App.Server.Infrastructure", "source\Server.Infrastructure\Raspi.Temperature.App.Server.Infrastructure.csproj", "{9CEC0664-5FB9-4F34-BF2A-ADEAF938B942}"
EndProject
Project("{2150E333-8FDC-42A3-9474-1A3956D46DE8}") = "mssql", "mssql", "{C40B6CB9-C751-41C3-8CB4-6BD5447D7529}"
	ProjectSection(SolutionItems) = preProject
		mssql\Dockerfile = mssql\Dockerfile
		mssql\entrypoint.sh = mssql\entrypoint.sh
		mssql\init.sql = mssql\init.sql
	EndProjectSection
EndProject
Project("{2150E333-8FDC-42A3-9474-1A3956D46DE8}") = "images", "images", "{674E3260-9655-4E13-87B6-05DBB553CCB9}"
	ProjectSection(SolutionItems) = preProject
		images\SystemDesign.PNG = images\SystemDesign.PNG
	EndProjectSection
EndProject
Project("{2150E333-8FDC-42A3-9474-1A3956D46DE8}") = ".github", ".github", "{76A3BBB4-2F34-45DB-8622-3EBBE9DF36FB}"
	ProjectSection(SolutionItems) = preProject
		.github\workflows\build.yml = .github\workflows\build.yml
		.github\workflows\docker-raspi-app.yml = .github\workflows\docker-raspi-app.yml
		.github\workflows\docker-raspi-db.yml = .github\workflows\docker-raspi-db.yml
		.github\workflows\docker-raspi-importjob.yml = .github\workflows\docker-raspi-importjob.yml
	EndProjectSection
EndProject
Project("{FAE04EC0-301F-11D3-BF4B-00C04F79EFBC}") = "Raspi.File.Importer", "source\Raspi.File.Importer\Raspi.File.Importer.csproj", "{5BAFDB54-96ED-4D06-A156-A73B108F2620}"
EndProject
Global
	GlobalSection(SolutionConfigurationPlatforms) = preSolution
		Debug|Any CPU = Debug|Any CPU
		Release|Any CPU = Release|Any CPU
	EndGlobalSection
	GlobalSection(ProjectConfigurationPlatforms) = postSolution
		{83EDBF69-2671-4B18-8307-7E9BF4C72F30}.Debug|Any CPU.ActiveCfg = Debug|Any CPU
		{83EDBF69-2671-4B18-8307-7E9BF4C72F30}.Debug|Any CPU.Build.0 = Debug|Any CPU
		{83EDBF69-2671-4B18-8307-7E9BF4C72F30}.Release|Any CPU.ActiveCfg = Release|Any CPU
		{83EDBF69-2671-4B18-8307-7E9BF4C72F30}.Release|Any CPU.Build.0 = Release|Any CPU
		{35E23FB3-CCEA-4C5E-86D6-698E1F21A31C}.Debug|Any CPU.ActiveCfg = Debug|Any CPU
		{35E23FB3-CCEA-4C5E-86D6-698E1F21A31C}.Debug|Any CPU.Build.0 = Debug|Any CPU
		{35E23FB3-CCEA-4C5E-86D6-698E1F21A31C}.Release|Any CPU.ActiveCfg = Release|Any CPU
		{35E23FB3-CCEA-4C5E-86D6-698E1F21A31C}.Release|Any CPU.Build.0 = Release|Any CPU
		{EE613008-0D1B-420F-943F-EA6CC5319D05}.Debug|Any CPU.ActiveCfg = Debug|Any CPU
		{EE613008-0D1B-420F-943F-EA6CC5319D05}.Debug|Any CPU.Build.0 = Debug|Any CPU
		{EE613008-0D1B-420F-943F-EA6CC5319D05}.Release|Any CPU.ActiveCfg = Release|Any CPU
		{EE613008-0D1B-420F-943F-EA6CC5319D05}.Release|Any CPU.Build.0 = Release|Any CPU
		{52FFFAA9-A291-4486-96C8-B2A889ECE779}.Debug|Any CPU.ActiveCfg = Debug|Any CPU
		{52FFFAA9-A291-4486-96C8-B2A889ECE779}.Debug|Any CPU.Build.0 = Debug|Any CPU
		{52FFFAA9-A291-4486-96C8-B2A889ECE779}.Release|Any CPU.ActiveCfg = Release|Any CPU
		{52FFFAA9-A291-4486-96C8-B2A889ECE779}.Release|Any CPU.Build.0 = Release|Any CPU
		{9CEC0664-5FB9-4F34-BF2A-ADEAF938B942}.Debug|Any CPU.ActiveCfg = Debug|Any CPU
		{9CEC0664-5FB9-4F34-BF2A-ADEAF938B942}.Debug|Any CPU.Build.0 = Debug|Any CPU
		{9CEC0664-5FB9-4F34-BF2A-ADEAF938B942}.Release|Any CPU.ActiveCfg = Release|Any CPU
		{9CEC0664-5FB9-4F34-BF2A-ADEAF938B942}.Release|Any CPU.Build.0 = Release|Any CPU
		{5BAFDB54-96ED-4D06-A156-A73B108F2620}.Debug|Any CPU.ActiveCfg = Debug|Any CPU
		{5BAFDB54-96ED-4D06-A156-A73B108F2620}.Debug|Any CPU.Build.0 = Debug|Any CPU
		{5BAFDB54-96ED-4D06-A156-A73B108F2620}.Release|Any CPU.ActiveCfg = Release|Any CPU
		{5BAFDB54-96ED-4D06-A156-A73B108F2620}.Release|Any CPU.Build.0 = Release|Any CPU
	EndGlobalSection
	GlobalSection(SolutionProperties) = preSolution
		HideSolutionNode = FALSE
	EndGlobalSection
	GlobalSection(NestedProjects) = preSolution
		{510BFBEB-4711-4CAE-BE2D-72534EAF67CB} = {E0F937A2-A53B-4A1A-9C2D-B7DF42D4FCC5}
		{0C889716-502E-41E3-AC81-ECA5135BB201} = {510BFBEB-4711-4CAE-BE2D-72534EAF67CB}
		{C40B6CB9-C751-41C3-8CB4-6BD5447D7529} = {E0F937A2-A53B-4A1A-9C2D-B7DF42D4FCC5}
		{674E3260-9655-4E13-87B6-05DBB553CCB9} = {E0F937A2-A53B-4A1A-9C2D-B7DF42D4FCC5}
		{76A3BBB4-2F34-45DB-8622-3EBBE9DF36FB} = {E0F937A2-A53B-4A1A-9C2D-B7DF42D4FCC5}
	EndGlobalSection
	GlobalSection(ExtensibilityGlobals) = postSolution
		SolutionGuid = {2D0C56CE-44F1-4962-A114-C894D16DEC21}
	EndGlobalSection
EndGlobal
