
Microsoft Visual Studio Solution File, Format Version 12.00
# Visual Studio Version 16
VisualStudioVersion = 16.0.31321.278
MinimumVisualStudioVersion = 10.0.40219.1
Project("{FAE04EC0-301F-11D3-BF4B-00C04F79EFBC}") = "Raspi.Temperature.App.Server", "source\Server\Raspi.Temperature.App.Server.csproj", "{83EDBF69-2671-4B18-8307-7E9BF4C72F30}"
EndProject
Project("{FAE04EC0-301F-11D3-BF4B-00C04F79EFBC}") = "Raspi.Temperature.App.Client", "source\Client\Raspi.Temperature.App.Client.csproj", "{35E23FB3-CCEA-4C5E-86D6-698E1F21A31C}"
EndProject
Project("{FAE04EC0-301F-11D3-BF4B-00C04F79EFBC}") = "Raspi.Temperature.App.Shared", "source\Shared\Raspi.Temperature.App.Shared.csproj", "{EE613008-0D1B-420F-943F-EA6CC5319D05}"
EndProject
Global
	GlobalSection(SolutionConfigurationPlatforms) = preSolution
		Debug|Any CPU = Debug|Any CPU
		Release|Any CPU = Release|Any CPU
	EndGlobalSection
	GlobalSection(ProjectConfigurationPlatforms) = postSolution
		{83EDBF69-2671-4B18-8307-7E9BF4C72F30}.Debug|Any CPU.ActiveCfg = Debug|Any CPU
		{83EDBF69-2671-4B18-8307-7E9BF4C72F30}.Debug|Any CPU.Build.0 = Debug|Any CPU
		{83EDBF69-2671-4B18-8307-7E9BF4C72F30}.Release|Any CPU.ActiveCfg = Release|Any CPU
		{83EDBF69-2671-4B18-8307-7E9BF4C72F30}.Release|Any CPU.Build.0 = Release|Any CPU
		{35E23FB3-CCEA-4C5E-86D6-698E1F21A31C}.Debug|Any CPU.ActiveCfg = Debug|Any CPU
		{35E23FB3-CCEA-4C5E-86D6-698E1F21A31C}.Debug|Any CPU.Build.0 = Debug|Any CPU
		{35E23FB3-CCEA-4C5E-86D6-698E1F21A31C}.Release|Any CPU.ActiveCfg = Release|Any CPU
		{35E23FB3-CCEA-4C5E-86D6-698E1F21A31C}.Release|Any CPU.Build.0 = Release|Any CPU
		{EE613008-0D1B-420F-943F-EA6CC5319D05}.Debug|Any CPU.ActiveCfg = Debug|Any CPU
		{EE613008-0D1B-420F-943F-EA6CC5319D05}.Debug|Any CPU.Build.0 = Debug|Any CPU
		{EE613008-0D1B-420F-943F-EA6CC5319D05}.Release|Any CPU.ActiveCfg = Release|Any CPU
		{EE613008-0D1B-420F-943F-EA6CC5319D05}.Release|Any CPU.Build.0 = Release|Any CPU
	EndGlobalSection
	GlobalSection(SolutionProperties) = preSolution
		HideSolutionNode = FALSE
	EndGlobalSection
	GlobalSection(ExtensibilityGlobals) = postSolution
		SolutionGuid = {2D0C56CE-44F1-4962-A114-C894D16DEC21}
	EndGlobalSection
EndGlobal
